
Microsoft Visual Studio Solution File, Format Version 12.00
# Visual Studio Version 17
VisualStudioVersion = 17.11.35222.181
MinimumVisualStudioVersion = 10.0.40219.1
Project("{FAE04EC0-301F-11D3-BF4B-00C04F79EFBC}") = "WPF_Brickstore", "WPF_Brickstore\WPF_Brickstore.csproj", "{D777DE46-6D7B-4F32-87E7-A18A41591587}"
EndProject
Global
	GlobalSection(SolutionConfigurationPlatforms) = preSolution
		Debug|Any CPU = Debug|Any CPU
		Release|Any CPU = Release|Any CPU
	EndGlobalSection
	GlobalSection(ProjectConfigurationPlatforms) = postSolution
		{D777DE46-6D7B-4F32-87E7-A18A41591587}.Debug|Any CPU.ActiveCfg = Debug|Any CPU
		{D777DE46-6D7B-4F32-87E7-A18A41591587}.Debug|Any CPU.Build.0 = Debug|Any CPU
		{D777DE46-6D7B-4F32-87E7-A18A41591587}.Release|Any CPU.ActiveCfg = Release|Any CPU
		{D777DE46-6D7B-4F32-87E7-A18A41591587}.Release|Any CPU.Build.0 = Release|Any CPU
	EndGlobalSection
	GlobalSection(SolutionProperties) = preSolution
		HideSolutionNode = FALSE
	EndGlobalSection
	GlobalSection(ExtensibilityGlobals) = postSolution
		SolutionGuid = {06C50CEE-FD5D-4C5E-A461-0552AB5682CC}
	EndGlobalSection
EndGlobal
